
Microsoft Visual Studio Solution File, Format Version 12.00
# Visual Studio Version 16
VisualStudioVersion = 16.0.31624.102
MinimumVisualStudioVersion = 10.0.40219.1
Project("{8BC9CEB8-8B4A-11D0-8D11-00A0C91BC942}") = "fileIO_1", "Project1\Project1.vcxproj", "{40B07997-AB2A-40D1-9181-8440CA913D4B}"
EndProject
Project("{2150E333-8FDC-42A3-9474-1A3956D46DE8}") = "Clang", "Clang", "{7E60B8A0-9882-4C63-8D29-B22A27189618}"
EndProject
Project("{2150E333-8FDC-42A3-9474-1A3956D46DE8}") = "ClangPlus", "ClangPlus", "{084E5E6D-5232-47C1-BC16-26DFBAC4DB58}"
EndProject
Project("{8BC9CEB8-8B4A-11D0-8D11-00A0C91BC942}") = "StudentSample", "Project2\Project2.vcxproj", "{1B7903FC-53B3-4056-ABD0-815699F8E51D}"
EndProject
Project("{8BC9CEB8-8B4A-11D0-8D11-00A0C91BC942}") = "linkedlist_1", "linkedlist_1\linkedlist_1.vcxproj", "{7058CAAC-588F-4C60-8551-469CD9F2EAA3}"
EndProject
Project("{8BC9CEB8-8B4A-11D0-8D11-00A0C91BC942}") = "Const", "Const\Const.vcxproj", "{1E1042F0-CEF7-4E66-ACD0-C9ABCFA19D0B}"
EndProject
Project("{8BC9CEB8-8B4A-11D0-8D11-00A0C91BC942}") = "Operator", "Operator\Operator.vcxproj", "{EDA23AC3-0AF0-485B-9C4C-3018268BB3AC}"
EndProject
Project("{8BC9CEB8-8B4A-11D0-8D11-00A0C91BC942}") = "LinkedList", "LinkedList\LinkedList.vcxproj", "{3FFA3B89-4430-4A43-B1BE-9324074206AA}"
EndProject
Project("{8BC9CEB8-8B4A-11D0-8D11-00A0C91BC942}") = "Template", "Templet\Templet.vcxproj", "{E4F668B0-EF8E-477B-80B8-19522CD846ED}"
EndProject
Global
	GlobalSection(SolutionConfigurationPlatforms) = preSolution
		Debug|x64 = Debug|x64
		Debug|x86 = Debug|x86
		Release|x64 = Release|x64
		Release|x86 = Release|x86
	EndGlobalSection
	GlobalSection(ProjectConfigurationPlatforms) = postSolution
		{40B07997-AB2A-40D1-9181-8440CA913D4B}.Debug|x64.ActiveCfg = Debug|x64
		{40B07997-AB2A-40D1-9181-8440CA913D4B}.Debug|x64.Build.0 = Debug|x64
		{40B07997-AB2A-40D1-9181-8440CA913D4B}.Debug|x86.ActiveCfg = Debug|Win32
		{40B07997-AB2A-40D1-9181-8440CA913D4B}.Debug|x86.Build.0 = Debug|Win32
		{40B07997-AB2A-40D1-9181-8440CA913D4B}.Release|x64.ActiveCfg = Release|x64
		{40B07997-AB2A-40D1-9181-8440CA913D4B}.Release|x64.Build.0 = Release|x64
		{40B07997-AB2A-40D1-9181-8440CA913D4B}.Release|x86.ActiveCfg = Release|Win32
		{40B07997-AB2A-40D1-9181-8440CA913D4B}.Release|x86.Build.0 = Release|Win32
		{1B7903FC-53B3-4056-ABD0-815699F8E51D}.Debug|x64.ActiveCfg = Debug|x64
		{1B7903FC-53B3-4056-ABD0-815699F8E51D}.Debug|x64.Build.0 = Debug|x64
		{1B7903FC-53B3-4056-ABD0-815699F8E51D}.Debug|x86.ActiveCfg = Debug|Win32
		{1B7903FC-53B3-4056-ABD0-815699F8E51D}.Debug|x86.Build.0 = Debug|Win32
		{1B7903FC-53B3-4056-ABD0-815699F8E51D}.Release|x64.ActiveCfg = Release|x64
		{1B7903FC-53B3-4056-ABD0-815699F8E51D}.Release|x64.Build.0 = Release|x64
		{1B7903FC-53B3-4056-ABD0-815699F8E51D}.Release|x86.ActiveCfg = Release|Win32
		{1B7903FC-53B3-4056-ABD0-815699F8E51D}.Release|x86.Build.0 = Release|Win32
		{7058CAAC-588F-4C60-8551-469CD9F2EAA3}.Debug|x64.ActiveCfg = Debug|x64
		{7058CAAC-588F-4C60-8551-469CD9F2EAA3}.Debug|x64.Build.0 = Debug|x64
		{7058CAAC-588F-4C60-8551-469CD9F2EAA3}.Debug|x86.ActiveCfg = Debug|Win32
		{7058CAAC-588F-4C60-8551-469CD9F2EAA3}.Debug|x86.Build.0 = Debug|Win32
		{7058CAAC-588F-4C60-8551-469CD9F2EAA3}.Release|x64.ActiveCfg = Release|x64
		{7058CAAC-588F-4C60-8551-469CD9F2EAA3}.Release|x64.Build.0 = Release|x64
		{7058CAAC-588F-4C60-8551-469CD9F2EAA3}.Release|x86.ActiveCfg = Release|Win32
		{7058CAAC-588F-4C60-8551-469CD9F2EAA3}.Release|x86.Build.0 = Release|Win32
		{1E1042F0-CEF7-4E66-ACD0-C9ABCFA19D0B}.Debug|x64.ActiveCfg = Debug|x64
		{1E1042F0-CEF7-4E66-ACD0-C9ABCFA19D0B}.Debug|x64.Build.0 = Debug|x64
		{1E1042F0-CEF7-4E66-ACD0-C9ABCFA19D0B}.Debug|x86.ActiveCfg = Debug|Win32
		{1E1042F0-CEF7-4E66-ACD0-C9ABCFA19D0B}.Debug|x86.Build.0 = Debug|Win32
		{1E1042F0-CEF7-4E66-ACD0-C9ABCFA19D0B}.Release|x64.ActiveCfg = Release|x64
		{1E1042F0-CEF7-4E66-ACD0-C9ABCFA19D0B}.Release|x64.Build.0 = Release|x64
		{1E1042F0-CEF7-4E66-ACD0-C9ABCFA19D0B}.Release|x86.ActiveCfg = Release|Win32
		{1E1042F0-CEF7-4E66-ACD0-C9ABCFA19D0B}.Release|x86.Build.0 = Release|Win32
		{EDA23AC3-0AF0-485B-9C4C-3018268BB3AC}.Debug|x64.ActiveCfg = Debug|x64
		{EDA23AC3-0AF0-485B-9C4C-3018268BB3AC}.Debug|x64.Build.0 = Debug|x64
		{EDA23AC3-0AF0-485B-9C4C-3018268BB3AC}.Debug|x86.ActiveCfg = Debug|Win32
		{EDA23AC3-0AF0-485B-9C4C-3018268BB3AC}.Debug|x86.Build.0 = Debug|Win32
		{EDA23AC3-0AF0-485B-9C4C-3018268BB3AC}.Release|x64.ActiveCfg = Release|x64
		{EDA23AC3-0AF0-485B-9C4C-3018268BB3AC}.Release|x64.Build.0 = Release|x64
		{EDA23AC3-0AF0-485B-9C4C-3018268BB3AC}.Release|x86.ActiveCfg = Release|Win32
		{EDA23AC3-0AF0-485B-9C4C-3018268BB3AC}.Release|x86.Build.0 = Release|Win32
		{3FFA3B89-4430-4A43-B1BE-9324074206AA}.Debug|x64.ActiveCfg = Debug|x64
		{3FFA3B89-4430-4A43-B1BE-9324074206AA}.Debug|x64.Build.0 = Debug|x64
		{3FFA3B89-4430-4A43-B1BE-9324074206AA}.Debug|x86.ActiveCfg = Debug|Win32
		{3FFA3B89-4430-4A43-B1BE-9324074206AA}.Debug|x86.Build.0 = Debug|Win32
		{3FFA3B89-4430-4A43-B1BE-9324074206AA}.Release|x64.ActiveCfg = Release|x64
		{3FFA3B89-4430-4A43-B1BE-9324074206AA}.Release|x64.Build.0 = Release|x64
		{3FFA3B89-4430-4A43-B1BE-9324074206AA}.Release|x86.ActiveCfg = Release|Win32
		{3FFA3B89-4430-4A43-B1BE-9324074206AA}.Release|x86.Build.0 = Release|Win32
		{E4F668B0-EF8E-477B-80B8-19522CD846ED}.Debug|x64.ActiveCfg = Debug|x64
		{E4F668B0-EF8E-477B-80B8-19522CD846ED}.Debug|x64.Build.0 = Debug|x64
		{E4F668B0-EF8E-477B-80B8-19522CD846ED}.Debug|x86.ActiveCfg = Debug|Win32
		{E4F668B0-EF8E-477B-80B8-19522CD846ED}.Debug|x86.Build.0 = Debug|Win32
		{E4F668B0-EF8E-477B-80B8-19522CD846ED}.Release|x64.ActiveCfg = Release|x64
		{E4F668B0-EF8E-477B-80B8-19522CD846ED}.Release|x64.Build.0 = Release|x64
		{E4F668B0-EF8E-477B-80B8-19522CD846ED}.Release|x86.ActiveCfg = Release|Win32
		{E4F668B0-EF8E-477B-80B8-19522CD846ED}.Release|x86.Build.0 = Release|Win32
	EndGlobalSection
	GlobalSection(SolutionProperties) = preSolution
		HideSolutionNode = FALSE
	EndGlobalSection
	GlobalSection(NestedProjects) = preSolution
		{40B07997-AB2A-40D1-9181-8440CA913D4B} = {7E60B8A0-9882-4C63-8D29-B22A27189618}
		{1B7903FC-53B3-4056-ABD0-815699F8E51D} = {084E5E6D-5232-47C1-BC16-26DFBAC4DB58}
		{7058CAAC-588F-4C60-8551-469CD9F2EAA3} = {7E60B8A0-9882-4C63-8D29-B22A27189618}
		{1E1042F0-CEF7-4E66-ACD0-C9ABCFA19D0B} = {084E5E6D-5232-47C1-BC16-26DFBAC4DB58}
		{EDA23AC3-0AF0-485B-9C4C-3018268BB3AC} = {084E5E6D-5232-47C1-BC16-26DFBAC4DB58}
		{3FFA3B89-4430-4A43-B1BE-9324074206AA} = {084E5E6D-5232-47C1-BC16-26DFBAC4DB58}
		{E4F668B0-EF8E-477B-80B8-19522CD846ED} = {084E5E6D-5232-47C1-BC16-26DFBAC4DB58}
	EndGlobalSection
	GlobalSection(ExtensibilityGlobals) = postSolution
		SolutionGuid = {5806F7CA-1647-429D-8017-B194217E833E}
	EndGlobalSection
EndGlobal
